// !$*UTF8*$!
{
	archiveVersion = 1;
	classes = {
	};
	objectVersion = 46;
	objects = {

/* Begin PBXBuildFile section */
		4FA1B52C192D92E500695A81 /* UIFlashButton.m in Sources */ = {isa = PBXBuildFile; fileRef = 4FA1B529192D92E500695A81 /* UIFlashButton.m */; settings = {COMPILER_FLAGS = "-fno-objc-arc"; }; };
		4FA1B52D192D92E500695A81 /* UIFlashImageView.m in Sources */ = {isa = PBXBuildFile; fileRef = 4FA1B52B192D92E500695A81 /* UIFlashImageView.m */; settings = {COMPILER_FLAGS = "-fno-objc-arc"; }; };
		4FB1570419179B6400AF1100 /* message-notification-off.png in Resources */ = {isa = PBXBuildFile; fileRef = 4FB1570319179B6400AF1100 /* message-notification-off.png */; };
		BBE017251915F00E00F4E418 /* Foundation.framework in Frameworks */ = {isa = PBXBuildFile; fileRef = BBE017241915F00E00F4E418 /* Foundation.framework */; };
		BBE017271915F00E00F4E418 /* CoreGraphics.framework in Frameworks */ = {isa = PBXBuildFile; fileRef = BBE017261915F00E00F4E418 /* CoreGraphics.framework */; };
		BBE017291915F00E00F4E418 /* UIKit.framework in Frameworks */ = {isa = PBXBuildFile; fileRef = BBE017281915F00E00F4E418 /* UIKit.framework */; };
		BBE0172F1915F00E00F4E418 /* InfoPlist.strings in Resources */ = {isa = PBXBuildFile; fileRef = BBE0172D1915F00E00F4E418 /* InfoPlist.strings */; };
		BBE017311915F00E00F4E418 /* main.m in Sources */ = {isa = PBXBuildFile; fileRef = BBE017301915F00E00F4E418 /* main.m */; };
		BBE017351915F00E00F4E418 /* AppDelegate.m in Sources */ = {isa = PBXBuildFile; fileRef = BBE017341915F00E00F4E418 /* AppDelegate.m */; };
		BBE017381915F00E00F4E418 /* Main_iPhone.storyboard in Resources */ = {isa = PBXBuildFile; fileRef = BBE017361915F00E00F4E418 /* Main_iPhone.storyboard */; };
		BBE0173B1915F00E00F4E418 /* Main_iPad.storyboard in Resources */ = {isa = PBXBuildFile; fileRef = BBE017391915F00E00F4E418 /* Main_iPad.storyboard */; };
		BBE0173E1915F00E00F4E418 /* ViewController.m in Sources */ = {isa = PBXBuildFile; fileRef = BBE0173D1915F00E00F4E418 /* ViewController.m */; };
		BBE017401915F00E00F4E418 /* Images.xcassets in Resources */ = {isa = PBXBuildFile; fileRef = BBE0173F1915F00E00F4E418 /* Images.xcassets */; };
		BBE017471915F00E00F4E418 /* XCTest.framework in Frameworks */ = {isa = PBXBuildFile; fileRef = BBE017461915F00E00F4E418 /* XCTest.framework */; };
		BBE017481915F00E00F4E418 /* Foundation.framework in Frameworks */ = {isa = PBXBuildFile; fileRef = BBE017241915F00E00F4E418 /* Foundation.framework */; };
		BBE017491915F00E00F4E418 /* UIKit.framework in Frameworks */ = {isa = PBXBuildFile; fileRef = BBE017281915F00E00F4E418 /* UIKit.framework */; };
		BBE017511915F00E00F4E418 /* InfoPlist.strings in Resources */ = {isa = PBXBuildFile; fileRef = BBE0174F1915F00E00F4E418 /* InfoPlist.strings */; };
		BBE017531915F00E00F4E418 /* flashTests.m in Sources */ = {isa = PBXBuildFile; fileRef = BBE017521915F00E00F4E418 /* flashTests.m */; };
		BBE0176219160DB200F4E418 /* message-notification-glow_a.png in Resources */ = {isa = PBXBuildFile; fileRef = BBE0176019160DB200F4E418 /* message-notification-glow_a.png */; };
		BBE0176319160DB200F4E418 /* message-notification-glow_b.png in Resources */ = {isa = PBXBuildFile; fileRef = BBE0176119160DB200F4E418 /* message-notification-glow_b.png */; };
/* End PBXBuildFile section */

/* Begin PBXContainerItemProxy section */
		BBE0174A1915F00E00F4E418 /* PBXContainerItemProxy */ = {
			isa = PBXContainerItemProxy;
			containerPortal = BBE017191915F00E00F4E418 /* Project object */;
			proxyType = 1;
			remoteGlobalIDString = BBE017201915F00E00F4E418;
			remoteInfo = flash;
		};
/* End PBXContainerItemProxy section */

/* Begin PBXFileReference section */
		4FA1B528192D92E500695A81 /* UIFlashButton.h */ = {isa = PBXFileReference; fileEncoding = 4; lastKnownFileType = sourcecode.c.h; path = UIFlashButton.h; sourceTree = "<group>"; };
		4FA1B529192D92E500695A81 /* UIFlashButton.m */ = {isa = PBXFileReference; fileEncoding = 4; lastKnownFileType = sourcecode.c.objc; path = UIFlashButton.m; sourceTree = "<group>"; };
		4FA1B52A192D92E500695A81 /* UIFlashImageView.h */ = {isa = PBXFileReference; fileEncoding = 4; lastKnownFileType = sourcecode.c.h; path = UIFlashImageView.h; sourceTree = "<group>"; };
		4FA1B52B192D92E500695A81 /* UIFlashImageView.m */ = {isa = PBXFileReference; fileEncoding = 4; lastKnownFileType = sourcecode.c.objc; path = UIFlashImageView.m; sourceTree = "<group>"; };
		4FB1570319179B6400AF1100 /* message-notification-off.png */ = {isa = PBXFileReference; lastKnownFileType = image.png; path = "message-notification-off.png"; sourceTree = "<group>"; };
		BBE017211915F00E00F4E418 /* flash.app */ = {isa = PBXFileReference; explicitFileType = wrapper.application; includeInIndex = 0; path = flash.app; sourceTree = BUILT_PRODUCTS_DIR; };
		BBE017241915F00E00F4E418 /* Foundation.framework */ = {isa = PBXFileReference; lastKnownFileType = wrapper.framework; name = Foundation.framework; path = System/Library/Frameworks/Foundation.framework; sourceTree = SDKROOT; };
		BBE017261915F00E00F4E418 /* CoreGraphics.framework */ = {isa = PBXFileReference; lastKnownFileType = wrapper.framework; name = CoreGraphics.framework; path = System/Library/Frameworks/CoreGraphics.framework; sourceTree = SDKROOT; };
		BBE017281915F00E00F4E418 /* UIKit.framework */ = {isa = PBXFileReference; lastKnownFileType = wrapper.framework; name = UIKit.framework; path = System/Library/Frameworks/UIKit.framework; sourceTree = SDKROOT; };
		BBE0172C1915F00E00F4E418 /* flash-Info.plist */ = {isa = PBXFileReference; lastKnownFileType = text.plist.xml; path = "flash-Info.plist"; sourceTree = "<group>"; };
		BBE0172E1915F00E00F4E418 /* en */ = {isa = PBXFileReference; lastKnownFileType = text.plist.strings; name = en; path = en.lproj/InfoPlist.strings; sourceTree = "<group>"; };
		BBE017301915F00E00F4E418 /* main.m */ = {isa = PBXFileReference; lastKnownFileType = sourcecode.c.objc; path = main.m; sourceTree = "<group>"; };
		BBE017321915F00E00F4E418 /* flash-Prefix.pch */ = {isa = PBXFileReference; lastKnownFileType = sourcecode.c.h; path = "flash-Prefix.pch"; sourceTree = "<group>"; };
		BBE017331915F00E00F4E418 /* AppDelegate.h */ = {isa = PBXFileReference; lastKnownFileType = sourcecode.c.h; path = AppDelegate.h; sourceTree = "<group>"; };
		BBE017341915F00E00F4E418 /* AppDelegate.m */ = {isa = PBXFileReference; lastKnownFileType = sourcecode.c.objc; path = AppDelegate.m; sourceTree = "<group>"; };
		BBE017371915F00E00F4E418 /* Base */ = {isa = PBXFileReference; lastKnownFileType = file.storyboard; name = Base; path = Base.lproj/Main_iPhone.storyboard; sourceTree = "<group>"; };
		BBE0173A1915F00E00F4E418 /* Base */ = {isa = PBXFileReference; lastKnownFileType = file.storyboard; name = Base; path = Base.lproj/Main_iPad.storyboard; sourceTree = "<group>"; };
		BBE0173C1915F00E00F4E418 /* ViewController.h */ = {isa = PBXFileReference; lastKnownFileType = sourcecode.c.h; path = ViewController.h; sourceTree = "<group>"; };
		BBE0173D1915F00E00F4E418 /* ViewController.m */ = {isa = PBXFileReference; lastKnownFileType = sourcecode.c.objc; path = ViewController.m; sourceTree = "<group>"; };
		BBE0173F1915F00E00F4E418 /* Images.xcassets */ = {isa = PBXFileReference; lastKnownFileType = folder.assetcatalog; path = Images.xcassets; sourceTree = "<group>"; };
		BBE017451915F00E00F4E418 /* flashTests.xctest */ = {isa = PBXFileReference; explicitFileType = wrapper.cfbundle; includeInIndex = 0; path = flashTests.xctest; sourceTree = BUILT_PRODUCTS_DIR; };
		BBE017461915F00E00F4E418 /* XCTest.framework */ = {isa = PBXFileReference; lastKnownFileType = wrapper.framework; name = XCTest.framework; path = Library/Frameworks/XCTest.framework; sourceTree = DEVELOPER_DIR; };
		BBE0174E1915F00E00F4E418 /* flashTests-Info.plist */ = {isa = PBXFileReference; lastKnownFileType = text.plist.xml; path = "flashTests-Info.plist"; sourceTree = "<group>"; };
		BBE017501915F00E00F4E418 /* en */ = {isa = PBXFileReference; lastKnownFileType = text.plist.strings; name = en; path = en.lproj/InfoPlist.strings; sourceTree = "<group>"; };
		BBE017521915F00E00F4E418 /* flashTests.m */ = {isa = PBXFileReference; lastKnownFileType = sourcecode.c.objc; path = flashTests.m; sourceTree = "<group>"; };
		BBE0176019160DB200F4E418 /* message-notification-glow_a.png */ = {isa = PBXFileReference; lastKnownFileType = image.png; path = "message-notification-glow_a.png"; sourceTree = SOURCE_ROOT; };
		BBE0176119160DB200F4E418 /* message-notification-glow_b.png */ = {isa = PBXFileReference; lastKnownFileType = image.png; path = "message-notification-glow_b.png"; sourceTree = SOURCE_ROOT; };
/* End PBXFileReference section */

/* Begin PBXFrameworksBuildPhase section */
		BBE0171E1915F00E00F4E418 /* Frameworks */ = {
			isa = PBXFrameworksBuildPhase;
			buildActionMask = 2147483647;
			files = (
				BBE017271915F00E00F4E418 /* CoreGraphics.framework in Frameworks */,
				BBE017291915F00E00F4E418 /* UIKit.framework in Frameworks */,
				BBE017251915F00E00F4E418 /* Foundation.framework in Frameworks */,
			);
			runOnlyForDeploymentPostprocessing = 0;
		};
		BBE017421915F00E00F4E418 /* Frameworks */ = {
			isa = PBXFrameworksBuildPhase;
			buildActionMask = 2147483647;
			files = (
				BBE017471915F00E00F4E418 /* XCTest.framework in Frameworks */,
				BBE017491915F00E00F4E418 /* UIKit.framework in Frameworks */,
				BBE017481915F00E00F4E418 /* Foundation.framework in Frameworks */,
			);
			runOnlyForDeploymentPostprocessing = 0;
		};
/* End PBXFrameworksBuildPhase section */

/* Begin PBXGroup section */
		4FA1B527192D92E500695A81 /* UIFlashView */ = {
			isa = PBXGroup;
			children = (
				4FA1B528192D92E500695A81 /* UIFlashButton.h */,
				4FA1B529192D92E500695A81 /* UIFlashButton.m */,
				4FA1B52A192D92E500695A81 /* UIFlashImageView.h */,
				4FA1B52B192D92E500695A81 /* UIFlashImageView.m */,
			);
			path = UIFlashView;
			sourceTree = "<group>";
		};
		BBE017181915F00E00F4E418 = {
			isa = PBXGroup;
			children = (
				BBE0172A1915F00E00F4E418 /* flash */,
				BBE0174C1915F00E00F4E418 /* flashTests */,
				BBE017231915F00E00F4E418 /* Frameworks */,
				BBE017221915F00E00F4E418 /* Products */,
			);
			sourceTree = "<group>";
		};
		BBE017221915F00E00F4E418 /* Products */ = {
			isa = PBXGroup;
			children = (
				BBE017211915F00E00F4E418 /* flash.app */,
				BBE017451915F00E00F4E418 /* flashTests.xctest */,
			);
			name = Products;
			sourceTree = "<group>";
		};
		BBE017231915F00E00F4E418 /* Frameworks */ = {
			isa = PBXGroup;
			children = (
				BBE017241915F00E00F4E418 /* Foundation.framework */,
				BBE017261915F00E00F4E418 /* CoreGraphics.framework */,
				BBE017281915F00E00F4E418 /* UIKit.framework */,
				BBE017461915F00E00F4E418 /* XCTest.framework */,
			);
			name = Frameworks;
			sourceTree = "<group>";
		};
		BBE0172A1915F00E00F4E418 /* flash */ = {
			isa = PBXGroup;
			children = (
				4FA1B527192D92E500695A81 /* UIFlashView */,
				BBE0176019160DB200F4E418 /* message-notification-glow_a.png */,
				BBE0176119160DB200F4E418 /* message-notification-glow_b.png */,
				4FB1570319179B6400AF1100 /* message-notification-off.png */,
				BBE017331915F00E00F4E418 /* AppDelegate.h */,
				BBE017341915F00E00F4E418 /* AppDelegate.m */,
				BBE017361915F00E00F4E418 /* Main_iPhone.storyboard */,
				BBE017391915F00E00F4E418 /* Main_iPad.storyboard */,
				BBE0173C1915F00E00F4E418 /* ViewController.h */,
				BBE0173D1915F00E00F4E418 /* ViewController.m */,
				BBE0173F1915F00E00F4E418 /* Images.xcassets */,
				BBE0172B1915F00E00F4E418 /* Supporting Files */,
			);
			path = flash;
			sourceTree = "<group>";
		};
		BBE0172B1915F00E00F4E418 /* Supporting Files */ = {
			isa = PBXGroup;
			children = (
				BBE0172C1915F00E00F4E418 /* flash-Info.plist */,
				BBE0172D1915F00E00F4E418 /* InfoPlist.strings */,
				BBE017301915F00E00F4E418 /* main.m */,
				BBE017321915F00E00F4E418 /* flash-Prefix.pch */,
			);
			name = "Supporting Files";
			sourceTree = "<group>";
		};
		BBE0174C1915F00E00F4E418 /* flashTests */ = {
			isa = PBXGroup;
			children = (
				BBE017521915F00E00F4E418 /* flashTests.m */,
				BBE0174D1915F00E00F4E418 /* Supporting Files */,
			);
			path = flashTests;
			sourceTree = "<group>";
		};
		BBE0174D1915F00E00F4E418 /* Supporting Files */ = {
			isa = PBXGroup;
			children = (
				BBE0174E1915F00E00F4E418 /* flashTests-Info.plist */,
				BBE0174F1915F00E00F4E418 /* InfoPlist.strings */,
			);
			name = "Supporting Files";
			sourceTree = "<group>";
		};
/* End PBXGroup section */

/* Begin PBXNativeTarget section */
		BBE017201915F00E00F4E418 /* flash */ = {
			isa = PBXNativeTarget;
			buildConfigurationList = BBE017561915F00E00F4E418 /* Build configuration list for PBXNativeTarget "flash" */;
			buildPhases = (
				BBE0171D1915F00E00F4E418 /* Sources */,
				BBE0171E1915F00E00F4E418 /* Frameworks */,
				BBE0171F1915F00E00F4E418 /* Resources */,
			);
			buildRules = (
			);
			dependencies = (
			);
			name = flash;
			productName = flash;
			productReference = BBE017211915F00E00F4E418 /* flash.app */;
			productType = "com.apple.product-type.application";
		};
		BBE017441915F00E00F4E418 /* flashTests */ = {
			isa = PBXNativeTarget;
			buildConfigurationList = BBE017591915F00E00F4E418 /* Build configuration list for PBXNativeTarget "flashTests" */;
			buildPhases = (
				BBE017411915F00E00F4E418 /* Sources */,
				BBE017421915F00E00F4E418 /* Frameworks */,
				BBE017431915F00E00F4E418 /* Resources */,
			);
			buildRules = (
			);
			dependencies = (
				BBE0174B1915F00E00F4E418 /* PBXTargetDependency */,
			);
			name = flashTests;
			productName = flashTests;
			productReference = BBE017451915F00E00F4E418 /* flashTests.xctest */;
			productType = "com.apple.product-type.bundle.unit-test";
		};
/* End PBXNativeTarget section */

/* Begin PBXProject section */
		BBE017191915F00E00F4E418 /* Project object */ = {
			isa = PBXProject;
			attributes = {
				LastUpgradeCheck = 0510;
				ORGANIZATIONNAME = ZhangWei;
				TargetAttributes = {
					BBE017441915F00E00F4E418 = {
						TestTargetID = BBE017201915F00E00F4E418;
					};
				};
			};
			buildConfigurationList = BBE0171C1915F00E00F4E418 /* Build configuration list for PBXProject "flash" */;
			compatibilityVersion = "Xcode 3.2";
			developmentRegion = English;
			hasScannedForEncodings = 0;
			knownRegions = (
				en,
				Base,
			);
			mainGroup = BBE017181915F00E00F4E418;
			productRefGroup = BBE017221915F00E00F4E418 /* Products */;
			projectDirPath = "";
			projectRoot = "";
			targets = (
				BBE017201915F00E00F4E418 /* flash */,
				BBE017441915F00E00F4E418 /* flashTests */,
			);
		};
/* End PBXProject section */

/* Begin PBXResourcesBuildPhase section */
		BBE0171F1915F00E00F4E418 /* Resources */ = {
			isa = PBXResourcesBuildPhase;
			buildActionMask = 2147483647;
			files = (
				BBE0173B1915F00E00F4E418 /* Main_iPad.storyboard in Resources */,
				BBE017401915F00E00F4E418 /* Images.xcassets in Resources */,
				BBE0176319160DB200F4E418 /* message-notification-glow_b.png in Resources */,
				BBE017381915F00E00F4E418 /* Main_iPhone.storyboard in Resources */,
				BBE0176219160DB200F4E418 /* message-notification-glow_a.png in Resources */,
				BBE0172F1915F00E00F4E418 /* InfoPlist.strings in Resources */,
				4FB1570419179B6400AF1100 /* message-notification-off.png in Resources */,
			);
			runOnlyForDeploymentPostprocessing = 0;
		};
		BBE017431915F00E00F4E418 /* Resources */ = {
			isa = PBXResourcesBuildPhase;
			buildActionMask = 2147483647;
			files = (
				BBE017511915F00E00F4E418 /* InfoPlist.strings in Resources */,
			);
			runOnlyForDeploymentPostprocessing = 0;
		};
/* End PBXResourcesBuildPhase section */

/* Begin PBXSourcesBuildPhase section */
		BBE0171D1915F00E00F4E418 /* Sources */ = {
			isa = PBXSourcesBuildPhase;
			buildActionMask = 2147483647;
			files = (
				BBE0173E1915F00E00F4E418 /* ViewController.m in Sources */,
				4FA1B52D192D92E500695A81 /* UIFlashImageView.m in Sources */,
				BBE017351915F00E00F4E418 /* AppDelegate.m in Sources */,
				4FA1B52C192D92E500695A81 /* UIFlashButton.m in Sources */,
				BBE017311915F00E00F4E418 /* main.m in Sources */,
			);
			runOnlyForDeploymentPostprocessing = 0;
		};
		BBE017411915F00E00F4E418 /* Sources */ = {
			isa = PBXSourcesBuildPhase;
			buildActionMask = 2147483647;
			files = (
				BBE017531915F00E00F4E418 /* flashTests.m in Sources */,
			);
			runOnlyForDeploymentPostprocessing = 0;
		};
/* End PBXSourcesBuildPhase section */

/* Begin PBXTargetDependency section */
		BBE0174B1915F00E00F4E418 /* PBXTargetDependency */ = {
			isa = PBXTargetDependency;
			target = BBE017201915F00E00F4E418 /* flash */;
			targetProxy = BBE0174A1915F00E00F4E418 /* PBXContainerItemProxy */;
		};
/* End PBXTargetDependency section */

/* Begin PBXVariantGroup section */
		BBE0172D1915F00E00F4E418 /* InfoPlist.strings */ = {
			isa = PBXVariantGroup;
			children = (
				BBE0172E1915F00E00F4E418 /* en */,
			);
			name = InfoPlist.strings;
			sourceTree = "<group>";
		};
		BBE017361915F00E00F4E418 /* Main_iPhone.storyboard */ = {
			isa = PBXVariantGroup;
			children = (
				BBE017371915F00E00F4E418 /* Base */,
			);
			name = Main_iPhone.storyboard;
			sourceTree = "<group>";
		};
		BBE017391915F00E00F4E418 /* Main_iPad.storyboard */ = {
			isa = PBXVariantGroup;
			children = (
				BBE0173A1915F00E00F4E418 /* Base */,
			);
			name = Main_iPad.storyboard;
			sourceTree = "<group>";
		};
		BBE0174F1915F00E00F4E418 /* InfoPlist.strings */ = {
			isa = PBXVariantGroup;
			children = (
				BBE017501915F00E00F4E418 /* en */,
			);
			name = InfoPlist.strings;
			sourceTree = "<group>";
		};
/* End PBXVariantGroup section */

/* Begin XCBuildConfiguration section */
		BBE017541915F00E00F4E418 /* Debug */ = {
			isa = XCBuildConfiguration;
			buildSettings = {
				ALWAYS_SEARCH_USER_PATHS = NO;
				CLANG_CXX_LANGUAGE_STANDARD = "gnu++0x";
				CLANG_CXX_LIBRARY = "libc++";
				CLANG_ENABLE_MODULES = YES;
				CLANG_ENABLE_OBJC_ARC = YES;
				CLANG_WARN_BOOL_CONVERSION = YES;
				CLANG_WARN_CONSTANT_CONVERSION = YES;
				CLANG_WARN_DIRECT_OBJC_ISA_USAGE = YES_ERROR;
				CLANG_WARN_EMPTY_BODY = YES;
				CLANG_WARN_ENUM_CONVERSION = YES;
				CLANG_WARN_INT_CONVERSION = YES;
				CLANG_WARN_OBJC_ROOT_CLASS = YES_ERROR;
				CLANG_WARN__DUPLICATE_METHOD_MATCH = YES;
				"CODE_SIGN_IDENTITY[sdk=iphoneos*]" = "iPhone Developer";
				COPY_PHASE_STRIP = NO;
				GCC_C_LANGUAGE_STANDARD = gnu99;
				GCC_DYNAMIC_NO_PIC = NO;
				GCC_OPTIMIZATION_LEVEL = 0;
				GCC_PREPROCESSOR_DEFINITIONS = (
					"DEBUG=1",
					"$(inherited)",
				);
				GCC_SYMBOLS_PRIVATE_EXTERN = NO;
				GCC_WARN_64_TO_32_BIT_CONVERSION = YES;
				GCC_WARN_ABOUT_RETURN_TYPE = YES_ERROR;
				GCC_WARN_UNDECLARED_SELECTOR = YES;
				GCC_WARN_UNINITIALIZED_AUTOS = YES;
				GCC_WARN_UNUSED_FUNCTION = YES;
				GCC_WARN_UNUSED_VARIABLE = YES;
				IPHONEOS_DEPLOYMENT_TARGET = 7.0;
				ONLY_ACTIVE_ARCH = YES;
				SDKROOT = iphoneos;
				TARGETED_DEVICE_FAMILY = "1,2";
			};
			name = Debug;
		};
		BBE017551915F00E00F4E418 /* Release */ = {
			isa = XCBuildConfiguration;
			buildSettings = {
				ALWAYS_SEARCH_USER_PATHS = NO;
				CLANG_CXX_LANGUAGE_STANDARD = "gnu++0x";
				CLANG_CXX_LIBRARY = "libc++";
				CLANG_ENABLE_MODULES = YES;
				CLANG_ENABLE_OBJC_ARC = YES;
				CLANG_WARN_BOOL_CONVERSION = YES;
				CLANG_WARN_CONSTANT_CONVERSION = YES;
				CLANG_WARN_DIRECT_OBJC_ISA_USAGE = YES_ERROR;
				CLANG_WARN_EMPTY_BODY = YES;
				CLANG_WARN_ENUM_CONVERSION = YES;
				CLANG_WARN_INT_CONVERSION = YES;
				CLANG_WARN_OBJC_ROOT_CLASS = YES_ERROR;
				CLANG_WARN__DUPLICATE_METHOD_MATCH = YES;
				"CODE_SIGN_IDENTITY[sdk=iphoneos*]" = "iPhone Developer";
				COPY_PHASE_STRIP = YES;
				ENABLE_NS_ASSERTIONS = NO;
				GCC_C_LANGUAGE_STANDARD = gnu99;
				GCC_WARN_64_TO_32_BIT_CONVERSION = YES;
				GCC_WARN_ABOUT_RETURN_TYPE = YES_ERROR;
				GCC_WARN_UNDECLARED_SELECTOR = YES;
				GCC_WARN_UNINITIALIZED_AUTOS = YES;
				GCC_WARN_UNUSED_FUNCTION = YES;
				GCC_WARN_UNUSED_VARIABLE = YES;
				IPHONEOS_DEPLOYMENT_TARGET = 7.0;
				SDKROOT = iphoneos;
				TARGETED_DEVICE_FAMILY = "1,2";
				VALIDATE_PRODUCT = YES;
			};
			name = Release;
		};
		BBE017571915F00E00F4E418 /* Debug */ = {
			isa = XCBuildConfiguration;
			buildSettings = {
				ASSETCATALOG_COMPILER_APPICON_NAME = AppIcon;
				ASSETCATALOG_COMPILER_LAUNCHIMAGE_NAME = LaunchImage;
				CODE_SIGN_IDENTITY = "";
				"CODE_SIGN_IDENTITY[sdk=iphoneos*]" = "";
				GCC_PRECOMPILE_PREFIX_HEADER = YES;
				GCC_PREFIX_HEADER = "flash/flash-Prefix.pch";
				INFOPLIST_FILE = "flash/flash-Info.plist";
				IPHONEOS_DEPLOYMENT_TARGET = 6.0;
				PRODUCT_NAME = "$(TARGET_NAME)";
				PROVISIONING_PROFILE = "177A07B0-C89F-4739-BBED-0078F126CBC7";
				WRAPPER_EXTENSION = app;
			};
			name = Debug;
		};
		BBE017581915F00E00F4E418 /* Release */ = {
			isa = XCBuildConfiguration;
			buildSettings = {
				ASSETCATALOG_COMPILER_APPICON_NAME = AppIcon;
				ASSETCATALOG_COMPILER_LAUNCHIMAGE_NAME = LaunchImage;
				CODE_SIGN_IDENTITY = "";
				GCC_PRECOMPILE_PREFIX_HEADER = YES;
				GCC_PREFIX_HEADER = "flash/flash-Prefix.pch";
				INFOPLIST_FILE = "flash/flash-Info.plist";
				IPHONEOS_DEPLOYMENT_TARGET = 6.0;
				PRODUCT_NAME = "$(TARGET_NAME)";
				PROVISIONING_PROFILE = "177A07B0-C89F-4739-BBED-0078F126CBC7";
				WRAPPER_EXTENSION = app;
			};
			name = Release;
		};
		BBE0175A1915F00E00F4E418 /* Debug */ = {
			isa = XCBuildConfiguration;
			buildSettings = {
				BUNDLE_LOADER = "$(BUILT_PRODUCTS_DIR)/flash.app/flash";
				FRAMEWORK_SEARCH_PATHS = (
					"$(SDKROOT)/Developer/Library/Frameworks",
					"$(inherited)",
					"$(DEVELOPER_FRAMEWORKS_DIR)",
				);
				GCC_PRECOMPILE_PREFIX_HEADER = YES;
				GCC_PREFIX_HEADER = "flash/flash-Prefix.pch";
				GCC_PREPROCESSOR_DEFINITIONS = (
					"DEBUG=1",
					"$(inherited)",
				);
				INFOPLIST_FILE = "flashTests/flashTests-Info.plist";
				PRODUCT_NAME = "$(TARGET_NAME)";
				TEST_HOST = "$(BUNDLE_LOADER)";
				WRAPPER_EXTENSION = xctest;
			};
			name = Debug;
		};
		BBE0175B1915F00E00F4E418 /* Release */ = {
			isa = XCBuildConfiguration;
			buildSettings = {
				BUNDLE_LOADER = "$(BUILT_PRODUCTS_DIR)/flash.app/flash";
				FRAMEWORK_SEARCH_PATHS = (
					"$(SDKROOT)/Developer/Library/Frameworks",
					"$(inherited)",
					"$(DEVELOPER_FRAMEWORKS_DIR)",
				);
				GCC_PRECOMPILE_PREFIX_HEADER = YES;
				GCC_PREFIX_HEADER = "flash/flash-Prefix.pch";
				INFOPLIST_FILE = "flashTests/flashTests-Info.plist";
				PRODUCT_NAME = "$(TARGET_NAME)";
				TEST_HOST = "$(BUNDLE_LOADER)";
				WRAPPER_EXTENSION = xctest;
			};
			name = Release;
		};
/* End XCBuildConfiguration section */

/* Begin XCConfigurationList section */
		BBE0171C1915F00E00F4E418 /* Build configuration list for PBXProject "flash" */ = {
			isa = XCConfigurationList;
			buildConfigurations = (
				BBE017541915F00E00F4E418 /* Debug */,
				BBE017551915F00E00F4E418 /* Release */,
			);
			defaultConfigurationIsVisible = 0;
			defaultConfigurationName = Release;
		};
		BBE017561915F00E00F4E418 /* Build configuration list for PBXNativeTarget "flash" */ = {
			isa = XCConfigurationList;
			buildConfigurations = (
				BBE017571915F00E00F4E418 /* Debug */,
				BBE017581915F00E00F4E418 /* Release */,
			);
			defaultConfigurationIsVisible = 0;
			defaultConfigurationName = Release;
		};
		BBE017591915F00E00F4E418 /* Build configuration list for PBXNativeTarget "flashTests" */ = {
			isa = XCConfigurationList;
			buildConfigurations = (
				BBE0175A1915F00E00F4E418 /* Debug */,
				BBE0175B1915F00E00F4E418 /* Release */,
			);
			defaultConfigurationIsVisible = 0;
			defaultConfigurationName = Release;
		};
/* End XCConfigurationList section */
	};
	rootObject = BBE017191915F00E00F4E418 /* Project object */;
}
